
Microsoft Visual Studio Solution File, Format Version 12.00
# Visual Studio Version 17
VisualStudioVersion = 17.14.36518.9
MinimumVisualStudioVersion = 10.0.40219.1
Project("{FAE04EC0-301F-11D3-BF4B-00C04F79EFBC}") = "TEXT_RPG", "TEXT_RPG.csproj", "{FC905A40-7D30-405B-A1A9-7C2EFFACEFFF}"
EndProject
Global
	GlobalSection(SolutionConfigurationPlatforms) = preSolution
		Debug|Any CPU = Debug|Any CPU
		Release|Any CPU = Release|Any CPU
	EndGlobalSection
	GlobalSection(ProjectConfigurationPlatforms) = postSolution
		{FC905A40-7D30-405B-A1A9-7C2EFFACEFFF}.Debug|Any CPU.ActiveCfg = Debug|Any CPU
		{FC905A40-7D30-405B-A1A9-7C2EFFACEFFF}.Debug|Any CPU.Build.0 = Debug|Any CPU
		{FC905A40-7D30-405B-A1A9-7C2EFFACEFFF}.Release|Any CPU.ActiveCfg = Release|Any CPU
		{FC905A40-7D30-405B-A1A9-7C2EFFACEFFF}.Release|Any CPU.Build.0 = Release|Any CPU
	EndGlobalSection
	GlobalSection(SolutionProperties) = preSolution
		HideSolutionNode = FALSE
	EndGlobalSection
	GlobalSection(ExtensibilityGlobals) = postSolution
		SolutionGuid = {82B38FE6-7F55-437D-A083-FA9B755C43D4}
	EndGlobalSection
EndGlobal
